
Microsoft Visual Studio Solution File, Format Version 12.00
# Visual Studio Version 16
VisualStudioVersion = 16.0.30128.74
MinimumVisualStudioVersion = 10.0.40219.1
Project("{9A19103F-16F7-4668-BE54-9A1E7A4F7556}") = "retail-wpf", "retail-wpf.csproj", "{FCCADDDA-00F1-4C0C-A1F0-61C486AABA03}"
EndProject
Project("{FAE04EC0-301F-11D3-BF4B-00C04F79EFBC}") = "DataAccess", "..\DataAccess\DataAccess.csproj", "{3A505EAD-FB3D-4164-AEF7-0F6E8490EFB0}"
EndProject
Global
	GlobalSection(SolutionConfigurationPlatforms) = preSolution
		Debug|Any CPU = Debug|Any CPU
		Release|Any CPU = Release|Any CPU
	EndGlobalSection
	GlobalSection(ProjectConfigurationPlatforms) = postSolution
		{FCCADDDA-00F1-4C0C-A1F0-61C486AABA03}.Debug|Any CPU.ActiveCfg = Debug|Any CPU
		{FCCADDDA-00F1-4C0C-A1F0-61C486AABA03}.Debug|Any CPU.Build.0 = Debug|Any CPU
		{FCCADDDA-00F1-4C0C-A1F0-61C486AABA03}.Release|Any CPU.ActiveCfg = Release|Any CPU
		{FCCADDDA-00F1-4C0C-A1F0-61C486AABA03}.Release|Any CPU.Build.0 = Release|Any CPU
		{3A505EAD-FB3D-4164-AEF7-0F6E8490EFB0}.Debug|Any CPU.ActiveCfg = Debug|Any CPU
		{3A505EAD-FB3D-4164-AEF7-0F6E8490EFB0}.Debug|Any CPU.Build.0 = Debug|Any CPU
		{3A505EAD-FB3D-4164-AEF7-0F6E8490EFB0}.Release|Any CPU.ActiveCfg = Release|Any CPU
		{3A505EAD-FB3D-4164-AEF7-0F6E8490EFB0}.Release|Any CPU.Build.0 = Release|Any CPU
	EndGlobalSection
	GlobalSection(SolutionProperties) = preSolution
		HideSolutionNode = FALSE
	EndGlobalSection
	GlobalSection(ExtensibilityGlobals) = postSolution
		SolutionGuid = {0CDAA0DF-EAD1-4F05-8655-0AC5D3D5A962}
	EndGlobalSection
EndGlobal
